
Microsoft Visual Studio Solution File, Format Version 12.00
# Visual Studio 2012
Project("{FAE04EC0-301F-11D3-BF4B-00C04F79EFBC}") = "MvcApplication6", "MvcApplication6\MvcApplication6.csproj", "{094E3397-3330-4352-BE11-5C0C702E10CC}"
EndProject
Global
	GlobalSection(SolutionConfigurationPlatforms) = preSolution
		Debug|Any CPU = Debug|Any CPU
		Release|Any CPU = Release|Any CPU
	EndGlobalSection
	GlobalSection(ProjectConfigurationPlatforms) = postSolution
		{094E3397-3330-4352-BE11-5C0C702E10CC}.Debug|Any CPU.ActiveCfg = Debug|Any CPU
		{094E3397-3330-4352-BE11-5C0C702E10CC}.Debug|Any CPU.Build.0 = Debug|Any CPU
		{094E3397-3330-4352-BE11-5C0C702E10CC}.Release|Any CPU.ActiveCfg = Release|Any CPU
		{094E3397-3330-4352-BE11-5C0C702E10CC}.Release|Any CPU.Build.0 = Release|Any CPU
	EndGlobalSection
	GlobalSection(SolutionProperties) = preSolution
		HideSolutionNode = FALSE
	EndGlobalSection
EndGlobal
